version = 2

[[package]]
name = "abla-testrunner"
provider = "git"
identity = "github:AndreBaltazar8/abla-testrunner"
source = "https://github.com/AndreBaltazar8/abla-testrunner.git"
selector-kind = "head"
selector = "HEAD"
revision = "5d4d9763299e58e07a7230636a1bb06e23a907e9"
digest = "9d603e30cc7772a1a37fc435cd7443ac026d9747"
entry = "src/testrunner.ab"
