version = 2

[[package]]
name = "abla-testrunner"
provider = "git"
identity = "github:AndreBaltazar8/abla-testrunner"
source = "https://github.com/AndreBaltazar8/abla-testrunner.git"
selector-kind = "head"
selector = "HEAD"
revision = "59c893532e042e5f7b567d1562755ee56e62ca53"
digest = "b56aa91b9affabd7930956ea8ed6ec57c627f56e"
entry = "src/testrunner.ab"
