version = 2

[[package]]
name = "abla-testrunner"
provider = "git"
identity = "github:AndreBaltazar8/abla-testrunner"
source = "https://github.com/AndreBaltazar8/abla-testrunner.git"
selector-kind = "head"
selector = "HEAD"
revision = "54f3fac771ce3105af7912a568525a63dc1fa778"
digest = "74a5d9cad7a3edada2b1558abda529871a1d06c0"
entry = "src/testrunner.ab"
